// !$*UTF8*$!
{
	archiveVersion = 1;
	classes = {
	};
	objectVersion = 56;
	objects = {

/* Begin PBXBuildFile section */
		491EA7EF2AE14FAA0066EF7A /* ExpenseTrackerTUTApp.swift in Sources */ = {isa = PBXBuildFile; fileRef = 491EA7EE2AE14FAA0066EF7A /* ExpenseTrackerTUTApp.swift */; };
		491EA7F12AE14FAA0066EF7A /* ContentView.swift in Sources */ = {isa = PBXBuildFile; fileRef = 491EA7F02AE14FAA0066EF7A /* ContentView.swift */; };
		491EA7F32AE14FAB0066EF7A /* Assets.xcassets in Resources */ = {isa = PBXBuildFile; fileRef = 491EA7F22AE14FAB0066EF7A /* Assets.xcassets */; };
		491EA7F62AE14FAB0066EF7A /* Preview Assets.xcassets in Resources */ = {isa = PBXBuildFile; fileRef = 491EA7F52AE14FAB0066EF7A /* Preview Assets.xcassets */; };
		491EA8032AE17CDF0066EF7A /* Extensions.swift in Sources */ = {isa = PBXBuildFile; fileRef = 491EA8022AE17CDF0066EF7A /* Extensions.swift */; };
		491EA8052AE1B3F20066EF7A /* Transaction Model.swift in Sources */ = {isa = PBXBuildFile; fileRef = 491EA8042AE1B3F20066EF7A /* Transaction Model.swift */; };
		491EA8072AE1B8D00066EF7A /* PreviewData.swift in Sources */ = {isa = PBXBuildFile; fileRef = 491EA8062AE1B8D00066EF7A /* PreviewData.swift */; };
		491EA8092AE1C6FE0066EF7A /* TransactionRow.swift in Sources */ = {isa = PBXBuildFile; fileRef = 491EA8082AE1C6FE0066EF7A /* TransactionRow.swift */; };
/* End PBXBuildFile section */

/* Begin PBXFileReference section */
		491EA7EB2AE14FAA0066EF7A /* ExpenseTrackerTUT.app */ = {isa = PBXFileReference; explicitFileType = wrapper.application; includeInIndex = 0; path = ExpenseTrackerTUT.app; sourceTree = BUILT_PRODUCTS_DIR; };
		491EA7EE2AE14FAA0066EF7A /* ExpenseTrackerTUTApp.swift */ = {isa = PBXFileReference; lastKnownFileType = sourcecode.swift; path = ExpenseTrackerTUTApp.swift; sourceTree = "<group>"; };
		491EA7F02AE14FAA0066EF7A /* ContentView.swift */ = {isa = PBXFileReference; lastKnownFileType = sourcecode.swift; path = ContentView.swift; sourceTree = "<group>"; };
		491EA7F22AE14FAB0066EF7A /* Assets.xcassets */ = {isa = PBXFileReference; lastKnownFileType = folder.assetcatalog; path = Assets.xcassets; sourceTree = "<group>"; };
		491EA7F52AE14FAB0066EF7A /* Preview Assets.xcassets */ = {isa = PBXFileReference; lastKnownFileType = folder.assetcatalog; path = "Preview Assets.xcassets"; sourceTree = "<group>"; };
		491EA8022AE17CDF0066EF7A /* Extensions.swift */ = {isa = PBXFileReference; lastKnownFileType = sourcecode.swift; path = Extensions.swift; sourceTree = "<group>"; };
		491EA8042AE1B3F20066EF7A /* Transaction Model.swift */ = {isa = PBXFileReference; lastKnownFileType = sourcecode.swift; path = "Transaction Model.swift"; sourceTree = "<group>"; };
		491EA8062AE1B8D00066EF7A /* PreviewData.swift */ = {isa = PBXFileReference; lastKnownFileType = sourcecode.swift; path = PreviewData.swift; sourceTree = "<group>"; };
		491EA8082AE1C6FE0066EF7A /* TransactionRow.swift */ = {isa = PBXFileReference; lastKnownFileType = sourcecode.swift; path = TransactionRow.swift; sourceTree = "<group>"; };
/* End PBXFileReference section */

/* Begin PBXFrameworksBuildPhase section */
		491EA7E82AE14FAA0066EF7A /* Frameworks */ = {
			isa = PBXFrameworksBuildPhase;
			buildActionMask = 2147483647;
			files = (
			);
			runOnlyForDeploymentPostprocessing = 0;
		};
/* End PBXFrameworksBuildPhase section */

/* Begin PBXGroup section */
		491EA7E22AE14FAA0066EF7A = {
			isa = PBXGroup;
			children = (
				491EA7ED2AE14FAA0066EF7A /* ExpenseTrackerTUT */,
				491EA7EC2AE14FAA0066EF7A /* Products */,
			);
			sourceTree = "<group>";
		};
		491EA7EC2AE14FAA0066EF7A /* Products */ = {
			isa = PBXGroup;
			children = (
				491EA7EB2AE14FAA0066EF7A /* ExpenseTrackerTUT.app */,
			);
			name = Products;
			sourceTree = "<group>";
		};
		491EA7ED2AE14FAA0066EF7A /* ExpenseTrackerTUT */ = {
			isa = PBXGroup;
			children = (
				491EA7F02AE14FAA0066EF7A /* ContentView.swift */,
				491EA8042AE1B3F20066EF7A /* Transaction Model.swift */,
				491EA8022AE17CDF0066EF7A /* Extensions.swift */,
				491EA7EE2AE14FAA0066EF7A /* ExpenseTrackerTUTApp.swift */,
				491EA7F22AE14FAB0066EF7A /* Assets.xcassets */,
				491EA7F42AE14FAB0066EF7A /* Preview Content */,
			);
			path = ExpenseTrackerTUT;
			sourceTree = "<group>";
		};
		491EA7F42AE14FAB0066EF7A /* Preview Content */ = {
			isa = PBXGroup;
			children = (
				491EA7F52AE14FAB0066EF7A /* Preview Assets.xcassets */,
				491EA8062AE1B8D00066EF7A /* PreviewData.swift */,
				491EA8082AE1C6FE0066EF7A /* TransactionRow.swift */,
			);
			path = "Preview Content";
			sourceTree = "<group>";
		};
/* End PBXGroup section */

/* Begin PBXNativeTarget section */
		491EA7EA2AE14FAA0066EF7A /* ExpenseTrackerTUT */ = {
			isa = PBXNativeTarget;
			buildConfigurationList = 491EA7F92AE14FAB0066EF7A /* Build configuration list for PBXNativeTarget "ExpenseTrackerTUT" */;
			buildPhases = (
				491EA7E72AE14FAA0066EF7A /* Sources */,
				491EA7E82AE14FAA0066EF7A /* Frameworks */,
				491EA7E92AE14FAA0066EF7A /* Resources */,
			);
			buildRules = (
			);
			dependencies = (
			);
			name = ExpenseTrackerTUT;
			productName = ExpenseTrackerTUT;
			productReference = 491EA7EB2AE14FAA0066EF7A /* ExpenseTrackerTUT.app */;
			productType = "com.apple.product-type.application";
		};
/* End PBXNativeTarget section */

/* Begin PBXProject section */
		491EA7E32AE14FAA0066EF7A /* Project object */ = {
			isa = PBXProject;
			attributes = {
				BuildIndependentTargetsInParallel = 1;
				LastSwiftUpdateCheck = 1400;
				LastUpgradeCheck = 1400;
				TargetAttributes = {
					491EA7EA2AE14FAA0066EF7A = {
						CreatedOnToolsVersion = 14.0.1;
					};
				};
			};
			buildConfigurationList = 491EA7E62AE14FAA0066EF7A /* Build configuration list for PBXProject "ExpenseTrackerTUT" */;
			compatibilityVersion = "Xcode 14.0";
			developmentRegion = en;
			hasScannedForEncodings = 0;
			knownRegions = (
				en,
				Base,
			);
			mainGroup = 491EA7E22AE14FAA0066EF7A;
			productRefGroup = 491EA7EC2AE14FAA0066EF7A /* Products */;
			projectDirPath = "";
			projectRoot = "";
			targets = (
				491EA7EA2AE14FAA0066EF7A /* ExpenseTrackerTUT */,
			);
		};
/* End PBXProject section */

/* Begin PBXResourcesBuildPhase section */
		491EA7E92AE14FAA0066EF7A /* Resources */ = {
			isa = PBXResourcesBuildPhase;
			buildActionMask = 2147483647;
			files = (
				491EA7F62AE14FAB0066EF7A /* Preview Assets.xcassets in Resources */,
				491EA7F32AE14FAB0066EF7A /* Assets.xcassets in Resources */,
			);
			runOnlyForDeploymentPostprocessing = 0;
		};
/* End PBXResourcesBuildPhase section */

/* Begin PBXSourcesBuildPhase section */
		491EA7E72AE14FAA0066EF7A /* Sources */ = {
			isa = PBXSourcesBuildPhase;
			buildActionMask = 2147483647;
			files = (
				491EA8072AE1B8D00066EF7A /* PreviewData.swift in Sources */,
				491EA7F12AE14FAA0066EF7A /* ContentView.swift in Sources */,
				491EA8052AE1B3F20066EF7A /* Transaction Model.swift in Sources */,
				491EA8092AE1C6FE0066EF7A /* TransactionRow.swift in Sources */,
				491EA8032AE17CDF0066EF7A /* Extensions.swift in Sources */,
				491EA7EF2AE14FAA0066EF7A /* ExpenseTrackerTUTApp.swift in Sources */,
			);
			runOnlyForDeploymentPostprocessing = 0;
		};
/* End PBXSourcesBuildPhase section */

/* Begin XCBuildConfiguration section */
		491EA7F72AE14FAB0066EF7A /* Debug */ = {
			isa = XCBuildConfiguration;
			buildSettings = {
				ALWAYS_SEARCH_USER_PATHS = NO;
				CLANG_ANALYZER_NONNULL = YES;
				CLANG_ANALYZER_NUMBER_OBJECT_CONVERSION = YES_AGGRESSIVE;
				CLANG_CXX_LANGUAGE_STANDARD = "gnu++20";
				CLANG_ENABLE_MODULES = YES;
				CLANG_ENABLE_OBJC_ARC = YES;
				CLANG_ENABLE_OBJC_WEAK = YES;
				CLANG_WARN_BLOCK_CAPTURE_AUTORELEASING = YES;
				CLANG_WARN_BOOL_CONVERSION = YES;
				CLANG_WARN_COMMA = YES;
				CLANG_WARN_CONSTANT_CONVERSION = YES;
				CLANG_WARN_DEPRECATED_OBJC_IMPLEMENTATIONS = YES;
				CLANG_WARN_DIRECT_OBJC_ISA_USAGE = YES_ERROR;
				CLANG_WARN_DOCUMENTATION_COMMENTS = YES;
				CLANG_WARN_EMPTY_BODY = YES;
				CLANG_WARN_ENUM_CONVERSION = YES;
				CLANG_WARN_INFINITE_RECURSION = YES;
				CLANG_WARN_INT_CONVERSION = YES;
				CLANG_WARN_NON_LITERAL_NULL_CONVERSION = YES;
				CLANG_WARN_OBJC_IMPLICIT_RETAIN_SELF = YES;
				CLANG_WARN_OBJC_LITERAL_CONVERSION = YES;
				CLANG_WARN_OBJC_ROOT_CLASS = YES_ERROR;
				CLANG_WARN_QUOTED_INCLUDE_IN_FRAMEWORK_HEADER = YES;
				CLANG_WARN_RANGE_LOOP_ANALYSIS = YES;
				CLANG_WARN_STRICT_PROTOTYPES = YES;
				CLANG_WARN_SUSPICIOUS_MOVE = YES;
				CLANG_WARN_UNGUARDED_AVAILABILITY = YES_AGGRESSIVE;
				CLANG_WARN_UNREACHABLE_CODE = YES;
				CLANG_WARN__DUPLICATE_METHOD_MATCH = YES;
				COPY_PHASE_STRIP = NO;
				DEBUG_INFORMATION_FORMAT = dwarf;
				ENABLE_STRICT_OBJC_MSGSEND = YES;
				ENABLE_TESTABILITY = YES;
				GCC_C_LANGUAGE_STANDARD = gnu11;
				GCC_DYNAMIC_NO_PIC = NO;
				GCC_NO_COMMON_BLOCKS = YES;
				GCC_OPTIMIZATION_LEVEL = 0;
				GCC_PREPROCESSOR_DEFINITIONS = (
					"DEBUG=1",
					"$(inherited)",
				);
				GCC_WARN_64_TO_32_BIT_CONVERSION = YES;
				GCC_WARN_ABOUT_RETURN_TYPE = YES_ERROR;
				GCC_WARN_UNDECLARED_SELECTOR = YES;
				GCC_WARN_UNINITIALIZED_AUTOS = YES_AGGRESSIVE;
				GCC_WARN_UNUSED_FUNCTION = YES;
				GCC_WARN_UNUSED_VARIABLE = YES;
				IPHONEOS_DEPLOYMENT_TARGET = 16.0;
				MTL_ENABLE_DEBUG_INFO = INCLUDE_SOURCE;
				MTL_FAST_MATH = YES;
				ONLY_ACTIVE_ARCH = YES;
				SDKROOT = iphoneos;
				SWIFT_ACTIVE_COMPILATION_CONDITIONS = DEBUG;
				SWIFT_OPTIMIZATION_LEVEL = "-Onone";
			};
			name = Debug;
		};
		491EA7F82AE14FAB0066EF7A /* Release */ = {
			isa = XCBuildConfiguration;
			buildSettings = {
				ALWAYS_SEARCH_USER_PATHS = NO;
				CLANG_ANALYZER_NONNULL = YES;
				CLANG_ANALYZER_NUMBER_OBJECT_CONVERSION = YES_AGGRESSIVE;
				CLANG_CXX_LANGUAGE_STANDARD = "gnu++20";
				CLANG_ENABLE_MODULES = YES;
				CLANG_ENABLE_OBJC_ARC = YES;
				CLANG_ENABLE_OBJC_WEAK = YES;
				CLANG_WARN_BLOCK_CAPTURE_AUTORELEASING = YES;
				CLANG_WARN_BOOL_CONVERSION = YES;
				CLANG_WARN_COMMA = YES;
				CLANG_WARN_CONSTANT_CONVERSION = YES;
				CLANG_WARN_DEPRECATED_OBJC_IMPLEMENTATIONS = YES;
				CLANG_WARN_DIRECT_OBJC_ISA_USAGE = YES_ERROR;
				CLANG_WARN_DOCUMENTATION_COMMENTS = YES;
				CLANG_WARN_EMPTY_BODY = YES;
				CLANG_WARN_ENUM_CONVERSION = YES;
				CLANG_WARN_INFINITE_RECURSION = YES;
				CLANG_WARN_INT_CONVERSION = YES;
				CLANG_WARN_NON_LITERAL_NULL_CONVERSION = YES;
				CLANG_WARN_OBJC_IMPLICIT_RETAIN_SELF = YES;
				CLANG_WARN_OBJC_LITERAL_CONVERSION = YES;
				CLANG_WARN_OBJC_ROOT_CLASS = YES_ERROR;
				CLANG_WARN_QUOTED_INCLUDE_IN_FRAMEWORK_HEADER = YES;
				CLANG_WARN_RANGE_LOOP_ANALYSIS = YES;
				CLANG_WARN_STRICT_PROTOTYPES = YES;
				CLANG_WARN_SUSPICIOUS_MOVE = YES;
				CLANG_WARN_UNGUARDED_AVAILABILITY = YES_AGGRESSIVE;
				CLANG_WARN_UNREACHABLE_CODE = YES;
				CLANG_WARN__DUPLICATE_METHOD_MATCH = YES;
				COPY_PHASE_STRIP = NO;
				DEBUG_INFORMATION_FORMAT = "dwarf-with-dsym";
				ENABLE_NS_ASSERTIONS = NO;
				ENABLE_STRICT_OBJC_MSGSEND = YES;
				GCC_C_LANGUAGE_STANDARD = gnu11;
				GCC_NO_COMMON_BLOCKS = YES;
				GCC_WARN_64_TO_32_BIT_CONVERSION = YES;
				GCC_WARN_ABOUT_RETURN_TYPE = YES_ERROR;
				GCC_WARN_UNDECLARED_SELECTOR = YES;
				GCC_WARN_UNINITIALIZED_AUTOS = YES_AGGRESSIVE;
				GCC_WARN_UNUSED_FUNCTION = YES;
				GCC_WARN_UNUSED_VARIABLE = YES;
				IPHONEOS_DEPLOYMENT_TARGET = 16.0;
				MTL_ENABLE_DEBUG_INFO = NO;
				MTL_FAST_MATH = YES;
				SDKROOT = iphoneos;
				SWIFT_COMPILATION_MODE = wholemodule;
				SWIFT_OPTIMIZATION_LEVEL = "-O";
				VALIDATE_PRODUCT = YES;
			};
			name = Release;
		};
		491EA7FA2AE14FAB0066EF7A /* Debug */ = {
			isa = XCBuildConfiguration;
			buildSettings = {
				ASSETCATALOG_COMPILER_APPICON_NAME = AppIcon;
				ASSETCATALOG_COMPILER_GLOBAL_ACCENT_COLOR_NAME = AccentColor;
				CODE_SIGN_STYLE = Automatic;
				CURRENT_PROJECT_VERSION = 1;
				DEVELOPMENT_ASSET_PATHS = "\"ExpenseTrackerTUT/Preview Content\"";
				DEVELOPMENT_TEAM = BD3C6LT456;
				ENABLE_PREVIEWS = YES;
				GENERATE_INFOPLIST_FILE = YES;
				INFOPLIST_KEY_UIApplicationSceneManifest_Generation = YES;
				INFOPLIST_KEY_UIApplicationSupportsIndirectInputEvents = YES;
				INFOPLIST_KEY_UILaunchScreen_Generation = YES;
				INFOPLIST_KEY_UISupportedInterfaceOrientations_iPad = "UIInterfaceOrientationPortrait UIInterfaceOrientationPortraitUpsideDown UIInterfaceOrientationLandscapeLeft UIInterfaceOrientationLandscapeRight";
				INFOPLIST_KEY_UISupportedInterfaceOrientations_iPhone = "UIInterfaceOrientationPortrait UIInterfaceOrientationLandscapeLeft UIInterfaceOrientationLandscapeRight";
				LD_RUNPATH_SEARCH_PATHS = (
					"$(inherited)",
					"@executable_path/Frameworks",
				);
				MARKETING_VERSION = 1.0;
				PRODUCT_BUNDLE_IDENTIFIER = adad5276.ExpenseTrackerTUT;
				PRODUCT_NAME = "$(TARGET_NAME)";
				SWIFT_EMIT_LOC_STRINGS = YES;
				SWIFT_VERSION = 5.0;
				TARGETED_DEVICE_FAMILY = "1,2";
			};
			name = Debug;
		};
		491EA7FB2AE14FAB0066EF7A /* Release */ = {
			isa = XCBuildConfiguration;
			buildSettings = {
				ASSETCATALOG_COMPILER_APPICON_NAME = AppIcon;
				ASSETCATALOG_COMPILER_GLOBAL_ACCENT_COLOR_NAME = AccentColor;
				CODE_SIGN_STYLE = Automatic;
				CURRENT_PROJECT_VERSION = 1;
				DEVELOPMENT_ASSET_PATHS = "\"ExpenseTrackerTUT/Preview Content\"";
				DEVELOPMENT_TEAM = BD3C6LT456;
				ENABLE_PREVIEWS = YES;
				GENERATE_INFOPLIST_FILE = YES;
				INFOPLIST_KEY_UIApplicationSceneManifest_Generation = YES;
				INFOPLIST_KEY_UIApplicationSupportsIndirectInputEvents = YES;
				INFOPLIST_KEY_UILaunchScreen_Generation = YES;
				INFOPLIST_KEY_UISupportedInterfaceOrientations_iPad = "UIInterfaceOrientationPortrait UIInterfaceOrientationPortraitUpsideDown UIInterfaceOrientationLandscapeLeft UIInterfaceOrientationLandscapeRight";
				INFOPLIST_KEY_UISupportedInterfaceOrientations_iPhone = "UIInterfaceOrientationPortrait UIInterfaceOrientationLandscapeLeft UIInterfaceOrientationLandscapeRight";
				LD_RUNPATH_SEARCH_PATHS = (
					"$(inherited)",
					"@executable_path/Frameworks",
				);
				MARKETING_VERSION = 1.0;
				PRODUCT_BUNDLE_IDENTIFIER = adad5276.ExpenseTrackerTUT;
				PRODUCT_NAME = "$(TARGET_NAME)";
				SWIFT_EMIT_LOC_STRINGS = YES;
				SWIFT_VERSION = 5.0;
				TARGETED_DEVICE_FAMILY = "1,2";
			};
			name = Release;
		};
/* End XCBuildConfiguration section */

/* Begin XCConfigurationList section */
		491EA7E62AE14FAA0066EF7A /* Build configuration list for PBXProject "ExpenseTrackerTUT" */ = {
			isa = XCConfigurationList;
			buildConfigurations = (
				491EA7F72AE14FAB0066EF7A /* Debug */,
				491EA7F82AE14FAB0066EF7A /* Release */,
			);
			defaultConfigurationIsVisible = 0;
			defaultConfigurationName = Release;
		};
		491EA7F92AE14FAB0066EF7A /* Build configuration list for PBXNativeTarget "ExpenseTrackerTUT" */ = {
			isa = XCConfigurationList;
			buildConfigurations = (
				491EA7FA2AE14FAB0066EF7A /* Debug */,
				491EA7FB2AE14FAB0066EF7A /* Release */,
			);
			defaultConfigurationIsVisible = 0;
			defaultConfigurationName = Release;
		};
/* End XCConfigurationList section */
	};
	rootObject = 491EA7E32AE14FAA0066EF7A /* Project object */;
}
